// !$*UTF8*$!
{
	archiveVersion = 1;
	classes = {
	};
	objectVersion = 46;
	objects = {

/* Begin PBXBuildFile section */
		1A864D5E197C1A4300D8387B /* main.m in Sources */ = {isa = PBXBuildFile; fileRef = 1A864D5D197C1A4300D8387B /* main.m */; };
		1A864D61197C1A4300D8387B /* AppDelegate.m in Sources */ = {isa = PBXBuildFile; fileRef = 1A864D60197C1A4300D8387B /* AppDelegate.m */; };
		1A864D63197C1A4300D8387B /* Images.xcassets in Resources */ = {isa = PBXBuildFile; fileRef = 1A864D62197C1A4300D8387B /* Images.xcassets */; };
		1A864D66197C1A4300D8387B /* MainMenu.xib in Resources */ = {isa = PBXBuildFile; fileRef = 1A864D64197C1A4300D8387B /* MainMenu.xib */; };
		1A864D72197C1A4300D8387B /* SimpleFluidTests.m in Sources */ = {isa = PBXBuildFile; fileRef = 1A864D71197C1A4300D8387B /* SimpleFluidTests.m */; };
/* End PBXBuildFile section */

/* Begin PBXContainerItemProxy section */
		1A864D6C197C1A4300D8387B /* PBXContainerItemProxy */ = {
			isa = PBXContainerItemProxy;
			containerPortal = 1A864D50197C1A4300D8387B /* Project object */;
			proxyType = 1;
			remoteGlobalIDString = 1A864D57197C1A4300D8387B;
			remoteInfo = SimpleFluid;
		};
/* End PBXContainerItemProxy section */

/* Begin PBXFileReference section */
		1A864D58197C1A4300D8387B /* SimpleFluid.app */ = {isa = PBXFileReference; explicitFileType = wrapper.application; includeInIndex = 0; path = SimpleFluid.app; sourceTree = BUILT_PRODUCTS_DIR; };
		1A864D5C197C1A4300D8387B /* Info.plist */ = {isa = PBXFileReference; lastKnownFileType = text.plist.xml; path = Info.plist; sourceTree = "<group>"; };
		1A864D5D197C1A4300D8387B /* main.m */ = {isa = PBXFileReference; lastKnownFileType = sourcecode.c.objc; path = main.m; sourceTree = "<group>"; };
		1A864D5F197C1A4300D8387B /* AppDelegate.h */ = {isa = PBXFileReference; lastKnownFileType = sourcecode.c.h; path = AppDelegate.h; sourceTree = "<group>"; };
		1A864D60197C1A4300D8387B /* AppDelegate.m */ = {isa = PBXFileReference; lastKnownFileType = sourcecode.c.objc; path = AppDelegate.m; sourceTree = "<group>"; };
		1A864D62197C1A4300D8387B /* Images.xcassets */ = {isa = PBXFileReference; lastKnownFileType = folder.assetcatalog; path = Images.xcassets; sourceTree = "<group>"; };
		1A864D65197C1A4300D8387B /* Base */ = {isa = PBXFileReference; lastKnownFileType = file.xib; name = Base; path = Base.lproj/MainMenu.xib; sourceTree = "<group>"; };
		1A864D6B197C1A4300D8387B /* SimpleFluidTests.xctest */ = {isa = PBXFileReference; explicitFileType = wrapper.cfbundle; includeInIndex = 0; path = SimpleFluidTests.xctest; sourceTree = BUILT_PRODUCTS_DIR; };
		1A864D70197C1A4300D8387B /* Info.plist */ = {isa = PBXFileReference; lastKnownFileType = text.plist.xml; path = Info.plist; sourceTree = "<group>"; };
		1A864D71197C1A4300D8387B /* SimpleFluidTests.m */ = {isa = PBXFileReference; lastKnownFileType = sourcecode.c.objc; path = SimpleFluidTests.m; sourceTree = "<group>"; };
/* End PBXFileReference section */

/* Begin PBXFrameworksBuildPhase section */
		1A864D55197C1A4300D8387B /* Frameworks */ = {
			isa = PBXFrameworksBuildPhase;
			buildActionMask = 2147483647;
			files = (
			);
			runOnlyForDeploymentPostprocessing = 0;
		};
		1A864D68197C1A4300D8387B /* Frameworks */ = {
			isa = PBXFrameworksBuildPhase;
			buildActionMask = 2147483647;
			files = (
			);
			runOnlyForDeploymentPostprocessing = 0;
		};
/* End PBXFrameworksBuildPhase section */

/* Begin PBXGroup section */
		1A864D4F197C1A4300D8387B = {
			isa = PBXGroup;
			children = (
				1A864D5A197C1A4300D8387B /* SimpleFluid */,
				1A864D6E197C1A4300D8387B /* SimpleFluidTests */,
				1A864D59197C1A4300D8387B /* Products */,
			);
			sourceTree = "<group>";
		};
		1A864D59197C1A4300D8387B /* Products */ = {
			isa = PBXGroup;
			children = (
				1A864D58197C1A4300D8387B /* SimpleFluid.app */,
				1A864D6B197C1A4300D8387B /* SimpleFluidTests.xctest */,
			);
			name = Products;
			sourceTree = "<group>";
		};
		1A864D5A197C1A4300D8387B /* SimpleFluid */ = {
			isa = PBXGroup;
			children = (
				1A864D5F197C1A4300D8387B /* AppDelegate.h */,
				1A864D60197C1A4300D8387B /* AppDelegate.m */,
				1A864D62197C1A4300D8387B /* Images.xcassets */,
				1A864D64197C1A4300D8387B /* MainMenu.xib */,
				1A864D5B197C1A4300D8387B /* Supporting Files */,
			);
			path = SimpleFluid;
			sourceTree = "<group>";
		};
		1A864D5B197C1A4300D8387B /* Supporting Files */ = {
			isa = PBXGroup;
			children = (
				1A864D5C197C1A4300D8387B /* Info.plist */,
				1A864D5D197C1A4300D8387B /* main.m */,
			);
			name = "Supporting Files";
			sourceTree = "<group>";
		};
		1A864D6E197C1A4300D8387B /* SimpleFluidTests */ = {
			isa = PBXGroup;
			children = (
				1A864D71197C1A4300D8387B /* SimpleFluidTests.m */,
				1A864D6F197C1A4300D8387B /* Supporting Files */,
			);
			path = SimpleFluidTests;
			sourceTree = "<group>";
		};
		1A864D6F197C1A4300D8387B /* Supporting Files */ = {
			isa = PBXGroup;
			children = (
				1A864D70197C1A4300D8387B /* Info.plist */,
			);
			name = "Supporting Files";
			sourceTree = "<group>";
		};
/* End PBXGroup section */

/* Begin PBXNativeTarget section */
		1A864D57197C1A4300D8387B /* SimpleFluid */ = {
			isa = PBXNativeTarget;
			buildConfigurationList = 1A864D75197C1A4300D8387B /* Build configuration list for PBXNativeTarget "SimpleFluid" */;
			buildPhases = (
				1A864D54197C1A4300D8387B /* Sources */,
				1A864D55197C1A4300D8387B /* Frameworks */,
				1A864D56197C1A4300D8387B /* Resources */,
			);
			buildRules = (
			);
			dependencies = (
			);
			name = SimpleFluid;
			productName = SimpleFluid;
			productReference = 1A864D58197C1A4300D8387B /* SimpleFluid.app */;
			productType = "com.apple.product-type.application";
		};
		1A864D6A197C1A4300D8387B /* SimpleFluidTests */ = {
			isa = PBXNativeTarget;
			buildConfigurationList = 1A864D78197C1A4300D8387B /* Build configuration list for PBXNativeTarget "SimpleFluidTests" */;
			buildPhases = (
				1A864D67197C1A4300D8387B /* Sources */,
				1A864D68197C1A4300D8387B /* Frameworks */,
				1A864D69197C1A4300D8387B /* Resources */,
			);
			buildRules = (
			);
			dependencies = (
				1A864D6D197C1A4300D8387B /* PBXTargetDependency */,
			);
			name = SimpleFluidTests;
			productName = SimpleFluidTests;
			productReference = 1A864D6B197C1A4300D8387B /* SimpleFluidTests.xctest */;
			productType = "com.apple.product-type.bundle.unit-test";
		};
/* End PBXNativeTarget section */

/* Begin PBXProject section */
		1A864D50197C1A4300D8387B /* Project object */ = {
			isa = PBXProject;
			attributes = {
				LastUpgradeCheck = 0600;
				ORGANIZATIONNAME = James;
				TargetAttributes = {
					1A864D57197C1A4300D8387B = {
						CreatedOnToolsVersion = 6.0;
					};
					1A864D6A197C1A4300D8387B = {
						CreatedOnToolsVersion = 6.0;
						TestTargetID = 1A864D57197C1A4300D8387B;
					};
				};
			};
			buildConfigurationList = 1A864D53197C1A4300D8387B /* Build configuration list for PBXProject "SimpleFluid" */;
			compatibilityVersion = "Xcode 3.2";
			developmentRegion = English;
			hasScannedForEncodings = 0;
			knownRegions = (
				en,
				Base,
			);
			mainGroup = 1A864D4F197C1A4300D8387B;
			productRefGroup = 1A864D59197C1A4300D8387B /* Products */;
			projectDirPath = "";
			projectRoot = "";
			targets = (
				1A864D57197C1A4300D8387B /* SimpleFluid */,
				1A864D6A197C1A4300D8387B /* SimpleFluidTests */,
			);
		};
/* End PBXProject section */

/* Begin PBXResourcesBuildPhase section */
		1A864D56197C1A4300D8387B /* Resources */ = {
			isa = PBXResourcesBuildPhase;
			buildActionMask = 2147483647;
			files = (
				1A864D63197C1A4300D8387B /* Images.xcassets in Resources */,
				1A864D66197C1A4300D8387B /* MainMenu.xib in Resources */,
			);
			runOnlyForDeploymentPostprocessing = 0;
		};
		1A864D69197C1A4300D8387B /* Resources */ = {
			isa = PBXResourcesBuildPhase;
			buildActionMask = 2147483647;
			files = (
			);
			runOnlyForDeploymentPostprocessing = 0;
		};
/* End PBXResourcesBuildPhase section */

/* Begin PBXSourcesBuildPhase section */
		1A864D54197C1A4300D8387B /* Sources */ = {
			isa = PBXSourcesBuildPhase;
			buildActionMask = 2147483647;
			files = (
				1A864D61197C1A4300D8387B /* AppDelegate.m in Sources */,
				1A864D5E197C1A4300D8387B /* main.m in Sources */,
			);
			runOnlyForDeploymentPostprocessing = 0;
		};
		1A864D67197C1A4300D8387B /* Sources */ = {
			isa = PBXSourcesBuildPhase;
			buildActionMask = 2147483647;
			files = (
				1A864D72197C1A4300D8387B /* SimpleFluidTests.m in Sources */,
			);
			runOnlyForDeploymentPostprocessing = 0;
		};
/* End PBXSourcesBuildPhase section */

/* Begin PBXTargetDependency section */
		1A864D6D197C1A4300D8387B /* PBXTargetDependency */ = {
			isa = PBXTargetDependency;
			target = 1A864D57197C1A4300D8387B /* SimpleFluid */;
			targetProxy = 1A864D6C197C1A4300D8387B /* PBXContainerItemProxy */;
		};
/* End PBXTargetDependency section */

/* Begin PBXVariantGroup section */
		1A864D64197C1A4300D8387B /* MainMenu.xib */ = {
			isa = PBXVariantGroup;
			children = (
				1A864D65197C1A4300D8387B /* Base */,
			);
			name = MainMenu.xib;
			sourceTree = "<group>";
		};
/* End PBXVariantGroup section */

/* Begin XCBuildConfiguration section */
		1A864D73197C1A4300D8387B /* Debug */ = {
			isa = XCBuildConfiguration;
			buildSettings = {
				ALWAYS_SEARCH_USER_PATHS = NO;
				CLANG_CXX_LANGUAGE_STANDARD = "gnu++0x";
				CLANG_CXX_LIBRARY = "libc++";
				CLANG_ENABLE_MODULES = YES;
				CLANG_ENABLE_OBJC_ARC = YES;
				CLANG_WARN_BOOL_CONVERSION = YES;
				CLANG_WARN_CONSTANT_CONVERSION = YES;
				CLANG_WARN_DIRECT_OBJC_ISA_USAGE = YES_ERROR;
				CLANG_WARN_EMPTY_BODY = YES;
				CLANG_WARN_ENUM_CONVERSION = YES;
				CLANG_WARN_INT_CONVERSION = YES;
				CLANG_WARN_OBJC_ROOT_CLASS = YES_ERROR;
				CLANG_WARN_UNREACHABLE_CODE = YES;
				CLANG_WARN__DUPLICATE_METHOD_MATCH = YES;
				CODE_SIGN_IDENTITY = "-";
				COPY_PHASE_STRIP = NO;
				ENABLE_STRICT_OBJC_MSGSEND = YES;
				GCC_C_LANGUAGE_STANDARD = gnu99;
				GCC_DYNAMIC_NO_PIC = NO;
				GCC_OPTIMIZATION_LEVEL = 0;
				GCC_PREPROCESSOR_DEFINITIONS = (
					"DEBUG=1",
					"$(inherited)",
				);
				GCC_SYMBOLS_PRIVATE_EXTERN = NO;
				GCC_WARN_64_TO_32_BIT_CONVERSION = YES;
				GCC_WARN_ABOUT_RETURN_TYPE = YES_ERROR;
				GCC_WARN_UNDECLARED_SELECTOR = YES;
				GCC_WARN_UNINITIALIZED_AUTOS = YES_AGGRESSIVE;
				GCC_WARN_UNUSED_FUNCTION = YES;
				GCC_WARN_UNUSED_VARIABLE = YES;
				MACOSX_DEPLOYMENT_TARGET = 10.9;
				MTL_ENABLE_DEBUG_INFO = YES;
				ONLY_ACTIVE_ARCH = YES;
				SDKROOT = macosx;
			};
			name = Debug;
		};
		1A864D74197C1A4300D8387B /* Release */ = {
			isa = XCBuildConfiguration;
			buildSettings = {
				ALWAYS_SEARCH_USER_PATHS = NO;
				CLANG_CXX_LANGUAGE_STANDARD = "gnu++0x";
				CLANG_CXX_LIBRARY = "libc++";
				CLANG_ENABLE_MODULES = YES;
				CLANG_ENABLE_OBJC_ARC = YES;
				CLANG_WARN_BOOL_CONVERSION = YES;
				CLANG_WARN_CONSTANT_CONVERSION = YES;
				CLANG_WARN_DIRECT_OBJC_ISA_USAGE = YES_ERROR;
				CLANG_WARN_EMPTY_BODY = YES;
				CLANG_WARN_ENUM_CONVERSION = YES;
				CLANG_WARN_INT_CONVERSION = YES;
				CLANG_WARN_OBJC_ROOT_CLASS = YES_ERROR;
				CLANG_WARN_UNREACHABLE_CODE = YES;
				CLANG_WARN__DUPLICATE_METHOD_MATCH = YES;
				CODE_SIGN_IDENTITY = "-";
				COPY_PHASE_STRIP = YES;
				DEBUG_INFORMATION_FORMAT = "dwarf-with-dsym";
				ENABLE_NS_ASSERTIONS = NO;
				ENABLE_STRICT_OBJC_MSGSEND = YES;
				GCC_C_LANGUAGE_STANDARD = gnu99;
				GCC_WARN_64_TO_32_BIT_CONVERSION = YES;
				GCC_WARN_ABOUT_RETURN_TYPE = YES_ERROR;
				GCC_WARN_UNDECLARED_SELECTOR = YES;
				GCC_WARN_UNINITIALIZED_AUTOS = YES_AGGRESSIVE;
				GCC_WARN_UNUSED_FUNCTION = YES;
				GCC_WARN_UNUSED_VARIABLE = YES;
				MACOSX_DEPLOYMENT_TARGET = 10.9;
				MTL_ENABLE_DEBUG_INFO = NO;
				SDKROOT = macosx;
			};
			name = Release;
		};
		1A864D76197C1A4300D8387B /* Debug */ = {
			isa = XCBuildConfiguration;
			buildSettings = {
				ASSETCATALOG_COMPILER_APPICON_NAME = AppIcon;
				COMBINE_HIDPI_IMAGES = YES;
				INFOPLIST_FILE = SimpleFluid/Info.plist;
				LD_RUNPATH_SEARCH_PATHS = "$(inherited) @executable_path/../Frameworks";
				PRODUCT_NAME = "$(TARGET_NAME)";
			};
			name = Debug;
		};
		1A864D77197C1A4300D8387B /* Release */ = {
			isa = XCBuildConfiguration;
			buildSettings = {
				ASSETCATALOG_COMPILER_APPICON_NAME = AppIcon;
				COMBINE_HIDPI_IMAGES = YES;
				INFOPLIST_FILE = SimpleFluid/Info.plist;
				LD_RUNPATH_SEARCH_PATHS = "$(inherited) @executable_path/../Frameworks";
				PRODUCT_NAME = "$(TARGET_NAME)";
			};
			name = Release;
		};
		1A864D79197C1A4300D8387B /* Debug */ = {
			isa = XCBuildConfiguration;
			buildSettings = {
				BUNDLE_LOADER = "$(BUILT_PRODUCTS_DIR)/SimpleFluid.app/Contents/MacOS/SimpleFluid";
				COMBINE_HIDPI_IMAGES = YES;
				FRAMEWORK_SEARCH_PATHS = (
					"$(DEVELOPER_FRAMEWORKS_DIR)",
					"$(inherited)",
				);
				GCC_PREPROCESSOR_DEFINITIONS = (
					"DEBUG=1",
					"$(inherited)",
				);
				INFOPLIST_FILE = SimpleFluidTests/Info.plist;
				LD_RUNPATH_SEARCH_PATHS = "$(inherited) @executable_path/../Frameworks @loader_path/../Frameworks";
				PRODUCT_NAME = "$(TARGET_NAME)";
				TEST_HOST = "$(BUNDLE_LOADER)";
			};
			name = Debug;
		};
		1A864D7A197C1A4300D8387B /* Release */ = {
			isa = XCBuildConfiguration;
			buildSettings = {
				BUNDLE_LOADER = "$(BUILT_PRODUCTS_DIR)/SimpleFluid.app/Contents/MacOS/SimpleFluid";
				COMBINE_HIDPI_IMAGES = YES;
				FRAMEWORK_SEARCH_PATHS = (
					"$(DEVELOPER_FRAMEWORKS_DIR)",
					"$(inherited)",
				);
				INFOPLIST_FILE = SimpleFluidTests/Info.plist;
				LD_RUNPATH_SEARCH_PATHS = "$(inherited) @executable_path/../Frameworks @loader_path/../Frameworks";
				PRODUCT_NAME = "$(TARGET_NAME)";
				TEST_HOST = "$(BUNDLE_LOADER)";
			};
			name = Release;
		};
/* End XCBuildConfiguration section */

/* Begin XCConfigurationList section */
		1A864D53197C1A4300D8387B /* Build configuration list for PBXProject "SimpleFluid" */ = {
			isa = XCConfigurationList;
			buildConfigurations = (
				1A864D73197C1A4300D8387B /* Debug */,
				1A864D74197C1A4300D8387B /* Release */,
			);
			defaultConfigurationIsVisible = 0;
			defaultConfigurationName = Release;
		};
		1A864D75197C1A4300D8387B /* Build configuration list for PBXNativeTarget "SimpleFluid" */ = {
			isa = XCConfigurationList;
			buildConfigurations = (
				1A864D76197C1A4300D8387B /* Debug */,
				1A864D77197C1A4300D8387B /* Release */,
			);
			defaultConfigurationIsVisible = 0;
		};
		1A864D78197C1A4300D8387B /* Build configuration list for PBXNativeTarget "SimpleFluidTests" */ = {
			isa = XCConfigurationList;
			buildConfigurations = (
				1A864D79197C1A4300D8387B /* Debug */,
				1A864D7A197C1A4300D8387B /* Release */,
			);
			defaultConfigurationIsVisible = 0;
		};
/* End XCConfigurationList section */
	};
	rootObject = 1A864D50197C1A4300D8387B /* Project object */;
}
